
Microsoft Visual Studio Solution File, Format Version 12.00
# Visual Studio Version 16
VisualStudioVersion = 16.0.30717.126
MinimumVisualStudioVersion = 10.0.40219.1
Project("{FAE04EC0-301F-11D3-BF4B-00C04F79EFBC}") = "Abstract-methods", "Abstract-methods\Abstract-methods.csproj", "{8B0CC55D-A87A-4D3B-BFCB-2978E33E2E6C}"
EndProject
Global
	GlobalSection(SolutionConfigurationPlatforms) = preSolution
		Debug|Any CPU = Debug|Any CPU
		Release|Any CPU = Release|Any CPU
	EndGlobalSection
	GlobalSection(ProjectConfigurationPlatforms) = postSolution
		{8B0CC55D-A87A-4D3B-BFCB-2978E33E2E6C}.Debug|Any CPU.ActiveCfg = Debug|Any CPU
		{8B0CC55D-A87A-4D3B-BFCB-2978E33E2E6C}.Debug|Any CPU.Build.0 = Debug|Any CPU
		{8B0CC55D-A87A-4D3B-BFCB-2978E33E2E6C}.Release|Any CPU.ActiveCfg = Release|Any CPU
		{8B0CC55D-A87A-4D3B-BFCB-2978E33E2E6C}.Release|Any CPU.Build.0 = Release|Any CPU
	EndGlobalSection
	GlobalSection(SolutionProperties) = preSolution
		HideSolutionNode = FALSE
	EndGlobalSection
	GlobalSection(ExtensibilityGlobals) = postSolution
		SolutionGuid = {AF89890B-9BDA-47F7-B58D-3FC2F6679972}
	EndGlobalSection
EndGlobal
