
Microsoft Visual Studio Solution File, Format Version 12.00
# Visual Studio Version 16
VisualStudioVersion = 16.0.30717.126
MinimumVisualStudioVersion = 10.0.40219.1
Project("{FAE04EC0-301F-11D3-BF4B-00C04F79EFBC}") = "Upcasting-and-Downcasting", "Upcasting-and-Downcasting\Upcasting-and-Downcasting.csproj", "{84350B18-7800-4C09-9D71-5C528A676ADF}"
EndProject
Global
	GlobalSection(SolutionConfigurationPlatforms) = preSolution
		Debug|Any CPU = Debug|Any CPU
		Release|Any CPU = Release|Any CPU
	EndGlobalSection
	GlobalSection(ProjectConfigurationPlatforms) = postSolution
		{84350B18-7800-4C09-9D71-5C528A676ADF}.Debug|Any CPU.ActiveCfg = Debug|Any CPU
		{84350B18-7800-4C09-9D71-5C528A676ADF}.Debug|Any CPU.Build.0 = Debug|Any CPU
		{84350B18-7800-4C09-9D71-5C528A676ADF}.Release|Any CPU.ActiveCfg = Release|Any CPU
		{84350B18-7800-4C09-9D71-5C528A676ADF}.Release|Any CPU.Build.0 = Release|Any CPU
	EndGlobalSection
	GlobalSection(SolutionProperties) = preSolution
		HideSolutionNode = FALSE
	EndGlobalSection
	GlobalSection(ExtensibilityGlobals) = postSolution
		SolutionGuid = {FB7B8378-1122-4C72-885F-8087D3011662}
	EndGlobalSection
EndGlobal
