
Microsoft Visual Studio Solution File, Format Version 12.00
# Visual Studio Version 16
VisualStudioVersion = 16.0.30717.126
MinimumVisualStudioVersion = 10.0.40219.1
Project("{FAE04EC0-301F-11D3-BF4B-00C04F79EFBC}") = "Overlay-virtual-override-and-base-keywords", "Overlay-virtual-override-and-base-keywords\Overlay-virtual-override-and-base-keywords.csproj", "{FD6CB11B-20DF-4961-B418-A4737749788C}"
EndProject
Global
	GlobalSection(SolutionConfigurationPlatforms) = preSolution
		Debug|Any CPU = Debug|Any CPU
		Release|Any CPU = Release|Any CPU
	EndGlobalSection
	GlobalSection(ProjectConfigurationPlatforms) = postSolution
		{FD6CB11B-20DF-4961-B418-A4737749788C}.Debug|Any CPU.ActiveCfg = Debug|Any CPU
		{FD6CB11B-20DF-4961-B418-A4737749788C}.Debug|Any CPU.Build.0 = Debug|Any CPU
		{FD6CB11B-20DF-4961-B418-A4737749788C}.Release|Any CPU.ActiveCfg = Release|Any CPU
		{FD6CB11B-20DF-4961-B418-A4737749788C}.Release|Any CPU.Build.0 = Release|Any CPU
	EndGlobalSection
	GlobalSection(SolutionProperties) = preSolution
		HideSolutionNode = FALSE
	EndGlobalSection
	GlobalSection(ExtensibilityGlobals) = postSolution
		SolutionGuid = {64257BAC-7216-470A-A13F-D68820801AFB}
	EndGlobalSection
EndGlobal
